
Microsoft Visual Studio Solution File, Format Version 12.00
# Visual Studio Version 17
VisualStudioVersion = 17.9.34723.18
MinimumVisualStudioVersion = 10.0.40219.1
Project("{9A19103F-16F7-4668-BE54-9A1E7A4F7556}") = "MyJson.Demo", "MyJson.Demo\MyJson.Demo.csproj", "{C20DF20D-0EAB-4EA1-A476-4B8CF680B3F7}"
EndProject
Project("{9A19103F-16F7-4668-BE54-9A1E7A4F7556}") = "MyJson", "MyJson\MyJson.csproj", "{BB2AE2B4-9BC3-4FFD-864F-6212D19335D8}"
EndProject
Project("{9A19103F-16F7-4668-BE54-9A1E7A4F7556}") = "MyJson.Test", "MyJson.Test\MyJson.Test.csproj", "{A75E07C2-9E83-43E8-9738-F69F26A957EC}"
EndProject
Global
	GlobalSection(SolutionConfigurationPlatforms) = preSolution
		Debug|Any CPU = Debug|Any CPU
		Release|Any CPU = Release|Any CPU
	EndGlobalSection
	GlobalSection(ProjectConfigurationPlatforms) = postSolution
		{C20DF20D-0EAB-4EA1-A476-4B8CF680B3F7}.Debug|Any CPU.ActiveCfg = Debug|Any CPU
		{C20DF20D-0EAB-4EA1-A476-4B8CF680B3F7}.Debug|Any CPU.Build.0 = Debug|Any CPU
		{C20DF20D-0EAB-4EA1-A476-4B8CF680B3F7}.Release|Any CPU.ActiveCfg = Release|Any CPU
		{C20DF20D-0EAB-4EA1-A476-4B8CF680B3F7}.Release|Any CPU.Build.0 = Release|Any CPU
		{BB2AE2B4-9BC3-4FFD-864F-6212D19335D8}.Debug|Any CPU.ActiveCfg = Debug|Any CPU
		{BB2AE2B4-9BC3-4FFD-864F-6212D19335D8}.Debug|Any CPU.Build.0 = Debug|Any CPU
		{BB2AE2B4-9BC3-4FFD-864F-6212D19335D8}.Release|Any CPU.ActiveCfg = Release|Any CPU
		{BB2AE2B4-9BC3-4FFD-864F-6212D19335D8}.Release|Any CPU.Build.0 = Release|Any CPU
		{A75E07C2-9E83-43E8-9738-F69F26A957EC}.Debug|Any CPU.ActiveCfg = Debug|Any CPU
		{A75E07C2-9E83-43E8-9738-F69F26A957EC}.Debug|Any CPU.Build.0 = Debug|Any CPU
		{A75E07C2-9E83-43E8-9738-F69F26A957EC}.Release|Any CPU.ActiveCfg = Release|Any CPU
		{A75E07C2-9E83-43E8-9738-F69F26A957EC}.Release|Any CPU.Build.0 = Release|Any CPU
	EndGlobalSection
	GlobalSection(SolutionProperties) = preSolution
		HideSolutionNode = FALSE
	EndGlobalSection
	GlobalSection(ExtensibilityGlobals) = postSolution
		SolutionGuid = {F387E3EF-78FA-405C-B0EE-72A5A56623CB}
	EndGlobalSection
EndGlobal
